
Microsoft Visual Studio Solution File, Format Version 12.00
# Visual Studio Version 16
VisualStudioVersion = 16.0.32228.343
MinimumVisualStudioVersion = 10.0.40219.1
Project("{9A19103F-16F7-4668-BE54-9A1E7A4F7556}") = "ConsoleApp7", "ConsoleApp7\ConsoleApp7.csproj", "{DCDB84D8-4020-4EDD-B41C-544B9D3D29D5}"
EndProject
Project("{9A19103F-16F7-4668-BE54-9A1E7A4F7556}") = "Calc1", "Calc1\Calc1.csproj", "{78EB8D08-4918-49D5-A685-EB5B87E7CBD8}"
EndProject
Project("{9A19103F-16F7-4668-BE54-9A1E7A4F7556}") = "Calc2", "Calc2\Calc2.csproj", "{45D5B754-51B0-42DE-BA6D-C1F3090F88A9}"
EndProject
Project("{9A19103F-16F7-4668-BE54-9A1E7A4F7556}") = "Calc3", "Calc3\Calc3.csproj", "{75B94EAD-8D7F-4B32-87F8-53654EC9B950}"
EndProject
Project("{9A19103F-16F7-4668-BE54-9A1E7A4F7556}") = "ConsoleApp1", "ConsoleApp1\ConsoleApp1.csproj", "{5A63F9D0-8923-4D04-901B-DD34B12074BE}"
EndProject
Project("{9A19103F-16F7-4668-BE54-9A1E7A4F7556}") = "HelloWord", "HelloWord\HelloWord.csproj", "{916B7F11-6E69-4FF3-8724-8F23DB13DC5C}"
EndProject
Project("{9A19103F-16F7-4668-BE54-9A1E7A4F7556}") = "NoteBook1", "Notebook1\NoteBook1.csproj", "{6521C71D-3388-46A1-9021-FA9D997F528F}"
EndProject
Project("{9A19103F-16F7-4668-BE54-9A1E7A4F7556}") = "ConsoleApp2", "ConsoleApp2\ConsoleApp2.csproj", "{C67F09F6-5703-46A1-A5D8-55C2877DEA08}"
EndProject
Project("{9A19103F-16F7-4668-BE54-9A1E7A4F7556}") = "ConsoleApp3", "ConsoleApp3\ConsoleApp3.csproj", "{4118F15D-7E2F-4AD9-B2CD-0347AEC24986}"
EndProject
Project("{9A19103F-16F7-4668-BE54-9A1E7A4F7556}") = "ConsoleApp4", "ConsoleApp4\ConsoleApp4.csproj", "{FD389B81-D5EE-49C0-A72B-13F98664FADE}"
EndProject
Project("{9A19103F-16F7-4668-BE54-9A1E7A4F7556}") = "ConsoleApp5", "ConsoleApp5\ConsoleApp5.csproj", "{8E8FF35D-D8BF-48B9-9F3A-72D6C8BEC37E}"
EndProject
Project("{9A19103F-16F7-4668-BE54-9A1E7A4F7556}") = "ConsoleApp6", "ConsoleApp6\ConsoleApp6.csproj", "{453C2CF1-5F53-4825-B5F7-2605CB61B8FF}"
EndProject
Project("{9A19103F-16F7-4668-BE54-9A1E7A4F7556}") = "ConsoleApp8", "ConsoleApp8\ConsoleApp8.csproj", "{B123400F-4672-4FDF-BD9A-1C622E0D8A3C}"
EndProject
Project("{9A19103F-16F7-4668-BE54-9A1E7A4F7556}") = "ConsoleApp9", "ConsoleApp9\ConsoleApp9.csproj", "{3968148D-40C8-43F9-8E95-2C19B336C278}"
EndProject
Project("{9A19103F-16F7-4668-BE54-9A1E7A4F7556}") = "ConsoleApp10", "ConsoleApp10\ConsoleApp10.csproj", "{0957B0FC-7AF2-4C92-AF7C-B5FECB696C33}"
EndProject
Project("{9A19103F-16F7-4668-BE54-9A1E7A4F7556}") = "ConsoleApp11", "ConsoleApp11\ConsoleApp11.csproj", "{C8445548-B9AD-4CB5-8585-E06844667A10}"
EndProject
Project("{9A19103F-16F7-4668-BE54-9A1E7A4F7556}") = "ConsoleApp12", "ConsoleApp12\ConsoleApp12.csproj", "{73A384A6-9627-4B5D-9ED4-F9F2B96CB87A}"
EndProject
Project("{9A19103F-16F7-4668-BE54-9A1E7A4F7556}") = "ConsoleApp13", "ConsoleApp13\ConsoleApp13.csproj", "{98A7703B-CC6B-4D49-8150-DE33AA455798}"
EndProject
Project("{9A19103F-16F7-4668-BE54-9A1E7A4F7556}") = "ConsoleApp14", "ConsoleApp14\ConsoleApp14.csproj", "{837EF85E-E1B8-4680-A57E-F9B1148FB437}"
EndProject
Project("{9A19103F-16F7-4668-BE54-9A1E7A4F7556}") = "ConsoleApp15", "ConsoleApp15\ConsoleApp15.csproj", "{0AFDFCAD-648A-4842-B524-1F2D1DD5FFD9}"
EndProject
Project("{9A19103F-16F7-4668-BE54-9A1E7A4F7556}") = "ConsoleApp16", "ConsoleApp16\ConsoleApp16.csproj", "{06F2DF0F-BA34-469B-A1A6-00FC8552B7E1}"
EndProject
Project("{9A19103F-16F7-4668-BE54-9A1E7A4F7556}") = "ConsoleApp17", "ConsoleApp17\ConsoleApp17.csproj", "{9300F60D-C4CF-42EB-BB91-5B006DE03787}"
EndProject
Project("{9A19103F-16F7-4668-BE54-9A1E7A4F7556}") = "Equations", "ConsoleApp18\Equations.csproj", "{8E770C89-AB56-4F58-8162-501C4F8DD7CC}"
EndProject
Project("{9A19103F-16F7-4668-BE54-9A1E7A4F7556}") = "Solver", "Solver\Solver.csproj", "{D86CF835-CF61-4474-893C-23BBB85DFD8C}"
EndProject
Project("{9A19103F-16F7-4668-BE54-9A1E7A4F7556}") = "Solver.Tests", "Solver.Tests\Solver.Tests.csproj", "{ECF6D20B-066E-4A3B-8C89-CE9FBF33FEC7}"
EndProject
Project("{9A19103F-16F7-4668-BE54-9A1E7A4F7556}") = "TestProject1", "TestProject1\TestProject1.csproj", "{C2E955A7-3BA8-4F38-9E0D-400111B34ACC}"
EndProject
Project("{9A19103F-16F7-4668-BE54-9A1E7A4F7556}") = "ConsoleApp19", "ConsoleApp19\ConsoleApp19.csproj", "{5AFE9BB4-B8E7-4A1D-A60D-7AEF84D37546}"
EndProject
Project("{9A19103F-16F7-4668-BE54-9A1E7A4F7556}") = "ConsoleApp20", "ConsoleApp20\ConsoleApp20.csproj", "{38149634-A37A-4D11-B528-109BEC6377BA}"
EndProject
Project("{9A19103F-16F7-4668-BE54-9A1E7A4F7556}") = "ConsoleApp21", "ConsoleApp21\ConsoleApp21.csproj", "{ADBD0008-E287-4495-9BC1-BCD360556381}"
EndProject
Project("{FAE04EC0-301F-11D3-BF4B-00C04F79EFBC}") = "WindowsFormsApp2", "WindowsFormsApp2\WindowsFormsApp2.csproj", "{2D039327-067A-42E8-99C0-E7046A9B48F4}"
EndProject
Project("{9A19103F-16F7-4668-BE54-9A1E7A4F7556}") = "ConsoleApp22", "ConsoleApp22\ConsoleApp22.csproj", "{B66AEB81-51EC-4623-A8BC-35D28A670266}"
EndProject
Project("{9A19103F-16F7-4668-BE54-9A1E7A4F7556}") = "ConsoleApp23", "ConsoleApp23\ConsoleApp23.csproj", "{8CBA15DE-2D7D-4897-A2A3-1BD263CF0E47}"
EndProject
Project("{9A19103F-16F7-4668-BE54-9A1E7A4F7556}") = "ConsoleApp24", "ConsoleApp24\ConsoleApp24.csproj", "{3526933B-5787-4E3F-A664-8A3128A7AF91}"
EndProject
Project("{9A19103F-16F7-4668-BE54-9A1E7A4F7556}") = "ConsoleAppOOP1", "ConsoleAppOOP1\ConsoleAppOOP1.csproj", "{026430F4-72FF-4440-9D4F-D8A6D0212E23}"
EndProject
Project("{9A19103F-16F7-4668-BE54-9A1E7A4F7556}") = "ConsoleAppOOP2", "ConsoleAppOOP2\ConsoleAppOOP2.csproj", "{7E8F390C-6FF4-45FF-A874-37A4B7CBD33A}"
EndProject
Project("{9A19103F-16F7-4668-BE54-9A1E7A4F7556}") = "ConsoleAppOOP3", "ConsoleAppOOP3\ConsoleAppOOP3.csproj", "{87EB5B1F-BB83-4052-80BF-8CD419FD8BF1}"
EndProject
Project("{9A19103F-16F7-4668-BE54-9A1E7A4F7556}") = "ConsoleAppOOP4", "ConsoleAppOOP4\ConsoleAppOOP4.csproj", "{E4DFFF7A-54FA-4395-BFF9-DB35FAEB1C8C}"
EndProject
Project("{FAE04EC0-301F-11D3-BF4B-00C04F79EFBC}") = "ConsoleAppOOP5", "ConsoleAppOOP5\ConsoleAppOOP5.csproj", "{A0A464C9-CD57-48E5-8F5D-B18BAF1BFF65}"
EndProject
Project("{FAE04EC0-301F-11D3-BF4B-00C04F79EFBC}") = "ConsoleAppOOP6", "ConsoleAppOOP6\ConsoleAppOOP6.csproj", "{808C38A7-8EDB-4450-B244-5F35E5BC33EC}"
EndProject
Global
	GlobalSection(SolutionConfigurationPlatforms) = preSolution
		Debug|Any CPU = Debug|Any CPU
		Release|Any CPU = Release|Any CPU
	EndGlobalSection
	GlobalSection(ProjectConfigurationPlatforms) = postSolution
		{DCDB84D8-4020-4EDD-B41C-544B9D3D29D5}.Debug|Any CPU.ActiveCfg = Debug|Any CPU
		{DCDB84D8-4020-4EDD-B41C-544B9D3D29D5}.Debug|Any CPU.Build.0 = Debug|Any CPU
		{DCDB84D8-4020-4EDD-B41C-544B9D3D29D5}.Release|Any CPU.ActiveCfg = Release|Any CPU
		{DCDB84D8-4020-4EDD-B41C-544B9D3D29D5}.Release|Any CPU.Build.0 = Release|Any CPU
		{78EB8D08-4918-49D5-A685-EB5B87E7CBD8}.Debug|Any CPU.ActiveCfg = Debug|Any CPU
		{78EB8D08-4918-49D5-A685-EB5B87E7CBD8}.Debug|Any CPU.Build.0 = Debug|Any CPU
		{78EB8D08-4918-49D5-A685-EB5B87E7CBD8}.Release|Any CPU.ActiveCfg = Release|Any CPU
		{78EB8D08-4918-49D5-A685-EB5B87E7CBD8}.Release|Any CPU.Build.0 = Release|Any CPU
		{45D5B754-51B0-42DE-BA6D-C1F3090F88A9}.Debug|Any CPU.ActiveCfg = Debug|Any CPU
		{45D5B754-51B0-42DE-BA6D-C1F3090F88A9}.Debug|Any CPU.Build.0 = Debug|Any CPU
		{45D5B754-51B0-42DE-BA6D-C1F3090F88A9}.Release|Any CPU.ActiveCfg = Release|Any CPU
		{45D5B754-51B0-42DE-BA6D-C1F3090F88A9}.Release|Any CPU.Build.0 = Release|Any CPU
		{75B94EAD-8D7F-4B32-87F8-53654EC9B950}.Debug|Any CPU.ActiveCfg = Debug|Any CPU
		{75B94EAD-8D7F-4B32-87F8-53654EC9B950}.Debug|Any CPU.Build.0 = Debug|Any CPU
		{75B94EAD-8D7F-4B32-87F8-53654EC9B950}.Release|Any CPU.ActiveCfg = Release|Any CPU
		{75B94EAD-8D7F-4B32-87F8-53654EC9B950}.Release|Any CPU.Build.0 = Release|Any CPU
		{5A63F9D0-8923-4D04-901B-DD34B12074BE}.Debug|Any CPU.ActiveCfg = Debug|Any CPU
		{5A63F9D0-8923-4D04-901B-DD34B12074BE}.Debug|Any CPU.Build.0 = Debug|Any CPU
		{5A63F9D0-8923-4D04-901B-DD34B12074BE}.Release|Any CPU.ActiveCfg = Release|Any CPU
		{5A63F9D0-8923-4D04-901B-DD34B12074BE}.Release|Any CPU.Build.0 = Release|Any CPU
		{916B7F11-6E69-4FF3-8724-8F23DB13DC5C}.Debug|Any CPU.ActiveCfg = Debug|Any CPU
		{916B7F11-6E69-4FF3-8724-8F23DB13DC5C}.Debug|Any CPU.Build.0 = Debug|Any CPU
		{916B7F11-6E69-4FF3-8724-8F23DB13DC5C}.Release|Any CPU.ActiveCfg = Release|Any CPU
		{916B7F11-6E69-4FF3-8724-8F23DB13DC5C}.Release|Any CPU.Build.0 = Release|Any CPU
		{6521C71D-3388-46A1-9021-FA9D997F528F}.Debug|Any CPU.ActiveCfg = Debug|Any CPU
		{6521C71D-3388-46A1-9021-FA9D997F528F}.Release|Any CPU.ActiveCfg = Release|Any CPU
		{6521C71D-3388-46A1-9021-FA9D997F528F}.Release|Any CPU.Build.0 = Release|Any CPU
		{C67F09F6-5703-46A1-A5D8-55C2877DEA08}.Debug|Any CPU.ActiveCfg = Debug|Any CPU
		{C67F09F6-5703-46A1-A5D8-55C2877DEA08}.Debug|Any CPU.Build.0 = Debug|Any CPU
		{C67F09F6-5703-46A1-A5D8-55C2877DEA08}.Release|Any CPU.ActiveCfg = Release|Any CPU
		{C67F09F6-5703-46A1-A5D8-55C2877DEA08}.Release|Any CPU.Build.0 = Release|Any CPU
		{4118F15D-7E2F-4AD9-B2CD-0347AEC24986}.Debug|Any CPU.ActiveCfg = Debug|Any CPU
		{4118F15D-7E2F-4AD9-B2CD-0347AEC24986}.Debug|Any CPU.Build.0 = Debug|Any CPU
		{4118F15D-7E2F-4AD9-B2CD-0347AEC24986}.Release|Any CPU.ActiveCfg = Release|Any CPU
		{4118F15D-7E2F-4AD9-B2CD-0347AEC24986}.Release|Any CPU.Build.0 = Release|Any CPU
		{FD389B81-D5EE-49C0-A72B-13F98664FADE}.Debug|Any CPU.ActiveCfg = Debug|Any CPU
		{FD389B81-D5EE-49C0-A72B-13F98664FADE}.Debug|Any CPU.Build.0 = Debug|Any CPU
		{FD389B81-D5EE-49C0-A72B-13F98664FADE}.Release|Any CPU.ActiveCfg = Release|Any CPU
		{FD389B81-D5EE-49C0-A72B-13F98664FADE}.Release|Any CPU.Build.0 = Release|Any CPU
		{8E8FF35D-D8BF-48B9-9F3A-72D6C8BEC37E}.Debug|Any CPU.ActiveCfg = Debug|Any CPU
		{8E8FF35D-D8BF-48B9-9F3A-72D6C8BEC37E}.Debug|Any CPU.Build.0 = Debug|Any CPU
		{8E8FF35D-D8BF-48B9-9F3A-72D6C8BEC37E}.Release|Any CPU.ActiveCfg = Release|Any CPU
		{8E8FF35D-D8BF-48B9-9F3A-72D6C8BEC37E}.Release|Any CPU.Build.0 = Release|Any CPU
		{453C2CF1-5F53-4825-B5F7-2605CB61B8FF}.Debug|Any CPU.ActiveCfg = Debug|Any CPU
		{453C2CF1-5F53-4825-B5F7-2605CB61B8FF}.Debug|Any CPU.Build.0 = Debug|Any CPU
		{453C2CF1-5F53-4825-B5F7-2605CB61B8FF}.Release|Any CPU.ActiveCfg = Release|Any CPU
		{453C2CF1-5F53-4825-B5F7-2605CB61B8FF}.Release|Any CPU.Build.0 = Release|Any CPU
		{B123400F-4672-4FDF-BD9A-1C622E0D8A3C}.Debug|Any CPU.ActiveCfg = Debug|Any CPU
		{B123400F-4672-4FDF-BD9A-1C622E0D8A3C}.Debug|Any CPU.Build.0 = Debug|Any CPU
		{B123400F-4672-4FDF-BD9A-1C622E0D8A3C}.Release|Any CPU.ActiveCfg = Release|Any CPU
		{B123400F-4672-4FDF-BD9A-1C622E0D8A3C}.Release|Any CPU.Build.0 = Release|Any CPU
		{3968148D-40C8-43F9-8E95-2C19B336C278}.Debug|Any CPU.ActiveCfg = Debug|Any CPU
		{3968148D-40C8-43F9-8E95-2C19B336C278}.Debug|Any CPU.Build.0 = Debug|Any CPU
		{3968148D-40C8-43F9-8E95-2C19B336C278}.Release|Any CPU.ActiveCfg = Release|Any CPU
		{3968148D-40C8-43F9-8E95-2C19B336C278}.Release|Any CPU.Build.0 = Release|Any CPU
		{0957B0FC-7AF2-4C92-AF7C-B5FECB696C33}.Debug|Any CPU.ActiveCfg = Debug|Any CPU
		{0957B0FC-7AF2-4C92-AF7C-B5FECB696C33}.Debug|Any CPU.Build.0 = Debug|Any CPU
		{0957B0FC-7AF2-4C92-AF7C-B5FECB696C33}.Release|Any CPU.ActiveCfg = Release|Any CPU
		{0957B0FC-7AF2-4C92-AF7C-B5FECB696C33}.Release|Any CPU.Build.0 = Release|Any CPU
		{C8445548-B9AD-4CB5-8585-E06844667A10}.Debug|Any CPU.ActiveCfg = Debug|Any CPU
		{C8445548-B9AD-4CB5-8585-E06844667A10}.Debug|Any CPU.Build.0 = Debug|Any CPU
		{C8445548-B9AD-4CB5-8585-E06844667A10}.Release|Any CPU.ActiveCfg = Release|Any CPU
		{C8445548-B9AD-4CB5-8585-E06844667A10}.Release|Any CPU.Build.0 = Release|Any CPU
		{73A384A6-9627-4B5D-9ED4-F9F2B96CB87A}.Debug|Any CPU.ActiveCfg = Debug|Any CPU
		{73A384A6-9627-4B5D-9ED4-F9F2B96CB87A}.Debug|Any CPU.Build.0 = Debug|Any CPU
		{73A384A6-9627-4B5D-9ED4-F9F2B96CB87A}.Release|Any CPU.ActiveCfg = Release|Any CPU
		{73A384A6-9627-4B5D-9ED4-F9F2B96CB87A}.Release|Any CPU.Build.0 = Release|Any CPU
		{98A7703B-CC6B-4D49-8150-DE33AA455798}.Debug|Any CPU.ActiveCfg = Debug|Any CPU
		{98A7703B-CC6B-4D49-8150-DE33AA455798}.Debug|Any CPU.Build.0 = Debug|Any CPU
		{98A7703B-CC6B-4D49-8150-DE33AA455798}.Release|Any CPU.ActiveCfg = Release|Any CPU
		{98A7703B-CC6B-4D49-8150-DE33AA455798}.Release|Any CPU.Build.0 = Release|Any CPU
		{837EF85E-E1B8-4680-A57E-F9B1148FB437}.Debug|Any CPU.ActiveCfg = Debug|Any CPU
		{837EF85E-E1B8-4680-A57E-F9B1148FB437}.Debug|Any CPU.Build.0 = Debug|Any CPU
		{837EF85E-E1B8-4680-A57E-F9B1148FB437}.Release|Any CPU.ActiveCfg = Release|Any CPU
		{837EF85E-E1B8-4680-A57E-F9B1148FB437}.Release|Any CPU.Build.0 = Release|Any CPU
		{0AFDFCAD-648A-4842-B524-1F2D1DD5FFD9}.Debug|Any CPU.ActiveCfg = Debug|Any CPU
		{0AFDFCAD-648A-4842-B524-1F2D1DD5FFD9}.Debug|Any CPU.Build.0 = Debug|Any CPU
		{0AFDFCAD-648A-4842-B524-1F2D1DD5FFD9}.Release|Any CPU.ActiveCfg = Release|Any CPU
		{0AFDFCAD-648A-4842-B524-1F2D1DD5FFD9}.Release|Any CPU.Build.0 = Release|Any CPU
		{06F2DF0F-BA34-469B-A1A6-00FC8552B7E1}.Debug|Any CPU.ActiveCfg = Debug|Any CPU
		{06F2DF0F-BA34-469B-A1A6-00FC8552B7E1}.Debug|Any CPU.Build.0 = Debug|Any CPU
		{06F2DF0F-BA34-469B-A1A6-00FC8552B7E1}.Release|Any CPU.ActiveCfg = Release|Any CPU
		{06F2DF0F-BA34-469B-A1A6-00FC8552B7E1}.Release|Any CPU.Build.0 = Release|Any CPU
		{9300F60D-C4CF-42EB-BB91-5B006DE03787}.Debug|Any CPU.ActiveCfg = Debug|Any CPU
		{9300F60D-C4CF-42EB-BB91-5B006DE03787}.Debug|Any CPU.Build.0 = Debug|Any CPU
		{9300F60D-C4CF-42EB-BB91-5B006DE03787}.Release|Any CPU.ActiveCfg = Release|Any CPU
		{9300F60D-C4CF-42EB-BB91-5B006DE03787}.Release|Any CPU.Build.0 = Release|Any CPU
		{8E770C89-AB56-4F58-8162-501C4F8DD7CC}.Debug|Any CPU.ActiveCfg = Debug|Any CPU
		{8E770C89-AB56-4F58-8162-501C4F8DD7CC}.Debug|Any CPU.Build.0 = Debug|Any CPU
		{8E770C89-AB56-4F58-8162-501C4F8DD7CC}.Release|Any CPU.ActiveCfg = Release|Any CPU
		{8E770C89-AB56-4F58-8162-501C4F8DD7CC}.Release|Any CPU.Build.0 = Release|Any CPU
		{D86CF835-CF61-4474-893C-23BBB85DFD8C}.Debug|Any CPU.ActiveCfg = Debug|Any CPU
		{D86CF835-CF61-4474-893C-23BBB85DFD8C}.Debug|Any CPU.Build.0 = Debug|Any CPU
		{D86CF835-CF61-4474-893C-23BBB85DFD8C}.Release|Any CPU.ActiveCfg = Release|Any CPU
		{D86CF835-CF61-4474-893C-23BBB85DFD8C}.Release|Any CPU.Build.0 = Release|Any CPU
		{ECF6D20B-066E-4A3B-8C89-CE9FBF33FEC7}.Debug|Any CPU.ActiveCfg = Debug|Any CPU
		{ECF6D20B-066E-4A3B-8C89-CE9FBF33FEC7}.Debug|Any CPU.Build.0 = Debug|Any CPU
		{ECF6D20B-066E-4A3B-8C89-CE9FBF33FEC7}.Release|Any CPU.ActiveCfg = Release|Any CPU
		{ECF6D20B-066E-4A3B-8C89-CE9FBF33FEC7}.Release|Any CPU.Build.0 = Release|Any CPU
		{C2E955A7-3BA8-4F38-9E0D-400111B34ACC}.Debug|Any CPU.ActiveCfg = Debug|Any CPU
		{C2E955A7-3BA8-4F38-9E0D-400111B34ACC}.Debug|Any CPU.Build.0 = Debug|Any CPU
		{C2E955A7-3BA8-4F38-9E0D-400111B34ACC}.Release|Any CPU.ActiveCfg = Release|Any CPU
		{C2E955A7-3BA8-4F38-9E0D-400111B34ACC}.Release|Any CPU.Build.0 = Release|Any CPU
		{5AFE9BB4-B8E7-4A1D-A60D-7AEF84D37546}.Debug|Any CPU.ActiveCfg = Debug|Any CPU
		{5AFE9BB4-B8E7-4A1D-A60D-7AEF84D37546}.Debug|Any CPU.Build.0 = Debug|Any CPU
		{5AFE9BB4-B8E7-4A1D-A60D-7AEF84D37546}.Release|Any CPU.ActiveCfg = Release|Any CPU
		{5AFE9BB4-B8E7-4A1D-A60D-7AEF84D37546}.Release|Any CPU.Build.0 = Release|Any CPU
		{38149634-A37A-4D11-B528-109BEC6377BA}.Debug|Any CPU.ActiveCfg = Debug|Any CPU
		{38149634-A37A-4D11-B528-109BEC6377BA}.Debug|Any CPU.Build.0 = Debug|Any CPU
		{38149634-A37A-4D11-B528-109BEC6377BA}.Release|Any CPU.ActiveCfg = Release|Any CPU
		{38149634-A37A-4D11-B528-109BEC6377BA}.Release|Any CPU.Build.0 = Release|Any CPU
		{ADBD0008-E287-4495-9BC1-BCD360556381}.Debug|Any CPU.ActiveCfg = Debug|Any CPU
		{ADBD0008-E287-4495-9BC1-BCD360556381}.Debug|Any CPU.Build.0 = Debug|Any CPU
		{ADBD0008-E287-4495-9BC1-BCD360556381}.Release|Any CPU.ActiveCfg = Release|Any CPU
		{ADBD0008-E287-4495-9BC1-BCD360556381}.Release|Any CPU.Build.0 = Release|Any CPU
		{2D039327-067A-42E8-99C0-E7046A9B48F4}.Debug|Any CPU.ActiveCfg = Debug|Any CPU
		{2D039327-067A-42E8-99C0-E7046A9B48F4}.Debug|Any CPU.Build.0 = Debug|Any CPU
		{2D039327-067A-42E8-99C0-E7046A9B48F4}.Release|Any CPU.ActiveCfg = Release|Any CPU
		{2D039327-067A-42E8-99C0-E7046A9B48F4}.Release|Any CPU.Build.0 = Release|Any CPU
		{B66AEB81-51EC-4623-A8BC-35D28A670266}.Debug|Any CPU.ActiveCfg = Debug|Any CPU
		{B66AEB81-51EC-4623-A8BC-35D28A670266}.Debug|Any CPU.Build.0 = Debug|Any CPU
		{B66AEB81-51EC-4623-A8BC-35D28A670266}.Release|Any CPU.ActiveCfg = Release|Any CPU
		{B66AEB81-51EC-4623-A8BC-35D28A670266}.Release|Any CPU.Build.0 = Release|Any CPU
		{8CBA15DE-2D7D-4897-A2A3-1BD263CF0E47}.Debug|Any CPU.ActiveCfg = Debug|Any CPU
		{8CBA15DE-2D7D-4897-A2A3-1BD263CF0E47}.Debug|Any CPU.Build.0 = Debug|Any CPU
		{8CBA15DE-2D7D-4897-A2A3-1BD263CF0E47}.Release|Any CPU.ActiveCfg = Release|Any CPU
		{8CBA15DE-2D7D-4897-A2A3-1BD263CF0E47}.Release|Any CPU.Build.0 = Release|Any CPU
		{3526933B-5787-4E3F-A664-8A3128A7AF91}.Debug|Any CPU.ActiveCfg = Debug|Any CPU
		{3526933B-5787-4E3F-A664-8A3128A7AF91}.Debug|Any CPU.Build.0 = Debug|Any CPU
		{3526933B-5787-4E3F-A664-8A3128A7AF91}.Release|Any CPU.ActiveCfg = Release|Any CPU
		{3526933B-5787-4E3F-A664-8A3128A7AF91}.Release|Any CPU.Build.0 = Release|Any CPU
		{026430F4-72FF-4440-9D4F-D8A6D0212E23}.Debug|Any CPU.ActiveCfg = Debug|Any CPU
		{026430F4-72FF-4440-9D4F-D8A6D0212E23}.Debug|Any CPU.Build.0 = Debug|Any CPU
		{026430F4-72FF-4440-9D4F-D8A6D0212E23}.Release|Any CPU.ActiveCfg = Release|Any CPU
		{026430F4-72FF-4440-9D4F-D8A6D0212E23}.Release|Any CPU.Build.0 = Release|Any CPU
		{7E8F390C-6FF4-45FF-A874-37A4B7CBD33A}.Debug|Any CPU.ActiveCfg = Debug|Any CPU
		{7E8F390C-6FF4-45FF-A874-37A4B7CBD33A}.Debug|Any CPU.Build.0 = Debug|Any CPU
		{7E8F390C-6FF4-45FF-A874-37A4B7CBD33A}.Release|Any CPU.ActiveCfg = Release|Any CPU
		{7E8F390C-6FF4-45FF-A874-37A4B7CBD33A}.Release|Any CPU.Build.0 = Release|Any CPU
		{87EB5B1F-BB83-4052-80BF-8CD419FD8BF1}.Debug|Any CPU.ActiveCfg = Debug|Any CPU
		{87EB5B1F-BB83-4052-80BF-8CD419FD8BF1}.Debug|Any CPU.Build.0 = Debug|Any CPU
		{87EB5B1F-BB83-4052-80BF-8CD419FD8BF1}.Release|Any CPU.ActiveCfg = Release|Any CPU
		{87EB5B1F-BB83-4052-80BF-8CD419FD8BF1}.Release|Any CPU.Build.0 = Release|Any CPU
		{E4DFFF7A-54FA-4395-BFF9-DB35FAEB1C8C}.Debug|Any CPU.ActiveCfg = Debug|Any CPU
		{E4DFFF7A-54FA-4395-BFF9-DB35FAEB1C8C}.Debug|Any CPU.Build.0 = Debug|Any CPU
		{E4DFFF7A-54FA-4395-BFF9-DB35FAEB1C8C}.Release|Any CPU.ActiveCfg = Release|Any CPU
		{E4DFFF7A-54FA-4395-BFF9-DB35FAEB1C8C}.Release|Any CPU.Build.0 = Release|Any CPU
		{A0A464C9-CD57-48E5-8F5D-B18BAF1BFF65}.Debug|Any CPU.ActiveCfg = Debug|Any CPU
		{A0A464C9-CD57-48E5-8F5D-B18BAF1BFF65}.Debug|Any CPU.Build.0 = Debug|Any CPU
		{A0A464C9-CD57-48E5-8F5D-B18BAF1BFF65}.Release|Any CPU.ActiveCfg = Release|Any CPU
		{A0A464C9-CD57-48E5-8F5D-B18BAF1BFF65}.Release|Any CPU.Build.0 = Release|Any CPU
		{808C38A7-8EDB-4450-B244-5F35E5BC33EC}.Debug|Any CPU.ActiveCfg = Debug|Any CPU
		{808C38A7-8EDB-4450-B244-5F35E5BC33EC}.Debug|Any CPU.Build.0 = Debug|Any CPU
		{808C38A7-8EDB-4450-B244-5F35E5BC33EC}.Release|Any CPU.ActiveCfg = Release|Any CPU
		{808C38A7-8EDB-4450-B244-5F35E5BC33EC}.Release|Any CPU.Build.0 = Release|Any CPU
	EndGlobalSection
	GlobalSection(SolutionProperties) = preSolution
		HideSolutionNode = FALSE
	EndGlobalSection
	GlobalSection(ExtensibilityGlobals) = postSolution
		SolutionGuid = {5A25CF99-151E-441D-AF0A-B93C0C2CD80D}
	EndGlobalSection
EndGlobal
