
Microsoft Visual Studio Solution File, Format Version 12.00
# Visual Studio Version 16
VisualStudioVersion = 16.0.32228.343
MinimumVisualStudioVersion = 10.0.40219.1
Project("{FAE04EC0-301F-11D3-BF4B-00C04F79EFBC}") = "ConsoleApp4", "ConsoleApp4.csproj", "{522B07B6-0111-4BEA-91C1-6DA357C85085}"
EndProject
Global
	GlobalSection(SolutionConfigurationPlatforms) = preSolution
		Debug|Any CPU = Debug|Any CPU
		Release|Any CPU = Release|Any CPU
	EndGlobalSection
	GlobalSection(ProjectConfigurationPlatforms) = postSolution
		{522B07B6-0111-4BEA-91C1-6DA357C85085}.Debug|Any CPU.ActiveCfg = Debug|Any CPU
		{522B07B6-0111-4BEA-91C1-6DA357C85085}.Debug|Any CPU.Build.0 = Debug|Any CPU
		{522B07B6-0111-4BEA-91C1-6DA357C85085}.Release|Any CPU.ActiveCfg = Release|Any CPU
		{522B07B6-0111-4BEA-91C1-6DA357C85085}.Release|Any CPU.Build.0 = Release|Any CPU
	EndGlobalSection
	GlobalSection(SolutionProperties) = preSolution
		HideSolutionNode = FALSE
	EndGlobalSection
	GlobalSection(ExtensibilityGlobals) = postSolution
		SolutionGuid = {66701C2A-6766-417A-832C-0E40D272E664}
	EndGlobalSection
EndGlobal
