
Microsoft Visual Studio Solution File, Format Version 12.00
# Visual Studio Version 16
VisualStudioVersion = 16.0.32106.194
MinimumVisualStudioVersion = 10.0.40219.1
Project("{FAE04EC0-301F-11D3-BF4B-00C04F79EFBC}") = "Calc2", "Calc2.csproj", "{AE466D4B-59E9-4252-B426-6FE28A7E4B34}"
EndProject
Global
	GlobalSection(SolutionConfigurationPlatforms) = preSolution
		Debug|Any CPU = Debug|Any CPU
		Release|Any CPU = Release|Any CPU
	EndGlobalSection
	GlobalSection(ProjectConfigurationPlatforms) = postSolution
		{AE466D4B-59E9-4252-B426-6FE28A7E4B34}.Debug|Any CPU.ActiveCfg = Debug|Any CPU
		{AE466D4B-59E9-4252-B426-6FE28A7E4B34}.Debug|Any CPU.Build.0 = Debug|Any CPU
		{AE466D4B-59E9-4252-B426-6FE28A7E4B34}.Release|Any CPU.ActiveCfg = Release|Any CPU
		{AE466D4B-59E9-4252-B426-6FE28A7E4B34}.Release|Any CPU.Build.0 = Release|Any CPU
	EndGlobalSection
	GlobalSection(SolutionProperties) = preSolution
		HideSolutionNode = FALSE
	EndGlobalSection
	GlobalSection(ExtensibilityGlobals) = postSolution
		SolutionGuid = {8559C5E2-BA95-4202-B45E-AE9BD6B4BB41}
	EndGlobalSection
EndGlobal
